
Microsoft Visual Studio Solution File, Format Version 12.00
# Visual Studio 15
VisualStudioVersion = 15.0.28010.2046
MinimumVisualStudioVersion = 10.0.40219.1
Project("{FAE04EC0-301F-11D3-BF4B-00C04F79EFBC}") = "PDFibonacci", "PDFibonacci\PDFibonacci.csproj", "{57A16B8D-C67F-4182-8737-CE5768CAA041}"
EndProject
Global
	GlobalSection(SolutionConfigurationPlatforms) = preSolution
		Debug|Any CPU = Debug|Any CPU
		Release|Any CPU = Release|Any CPU
	EndGlobalSection
	GlobalSection(ProjectConfigurationPlatforms) = postSolution
		{57A16B8D-C67F-4182-8737-CE5768CAA041}.Debug|Any CPU.ActiveCfg = Debug|Any CPU
		{57A16B8D-C67F-4182-8737-CE5768CAA041}.Debug|Any CPU.Build.0 = Debug|Any CPU
		{57A16B8D-C67F-4182-8737-CE5768CAA041}.Release|Any CPU.ActiveCfg = Release|Any CPU
		{57A16B8D-C67F-4182-8737-CE5768CAA041}.Release|Any CPU.Build.0 = Release|Any CPU
	EndGlobalSection
	GlobalSection(SolutionProperties) = preSolution
		HideSolutionNode = FALSE
	EndGlobalSection
	GlobalSection(ExtensibilityGlobals) = postSolution
		SolutionGuid = {D6BD8D4A-7175-4555-8C32-81D1FB4EC6CB}
	EndGlobalSection
EndGlobal
