
Microsoft Visual Studio Solution File, Format Version 12.00
# Visual Studio 15
VisualStudioVersion = 15.0.28010.2046
MinimumVisualStudioVersion = 10.0.40219.1
Project("{FAE04EC0-301F-11D3-BF4B-00C04F79EFBC}") = "PasswordManagerProgram", "PasswordManagerProgram\PasswordManagerProgram.csproj", "{CE0541E3-6219-4779-BDB2-D5949C7FD2ED}"
EndProject
Global
	GlobalSection(SolutionConfigurationPlatforms) = preSolution
		Debug|Any CPU = Debug|Any CPU
		Release|Any CPU = Release|Any CPU
	EndGlobalSection
	GlobalSection(ProjectConfigurationPlatforms) = postSolution
		{CE0541E3-6219-4779-BDB2-D5949C7FD2ED}.Debug|Any CPU.ActiveCfg = Debug|Any CPU
		{CE0541E3-6219-4779-BDB2-D5949C7FD2ED}.Debug|Any CPU.Build.0 = Debug|Any CPU
		{CE0541E3-6219-4779-BDB2-D5949C7FD2ED}.Release|Any CPU.ActiveCfg = Release|Any CPU
		{CE0541E3-6219-4779-BDB2-D5949C7FD2ED}.Release|Any CPU.Build.0 = Release|Any CPU
	EndGlobalSection
	GlobalSection(SolutionProperties) = preSolution
		HideSolutionNode = FALSE
	EndGlobalSection
	GlobalSection(ExtensibilityGlobals) = postSolution
		SolutionGuid = {E78DB615-BA40-4F89-914B-20561A44BFB2}
	EndGlobalSection
EndGlobal
