
Microsoft Visual Studio Solution File, Format Version 12.00
# Visual Studio 14
VisualStudioVersion = 14.0.25420.1
MinimumVisualStudioVersion = 10.0.40219.1
Project("{FAE04EC0-301F-11D3-BF4B-00C04F79EFBC}") = "GeneticAlg1820", "GeneticAlg1820\GeneticAlg1820.csproj", "{0D850D33-8B94-4EBE-8176-C8EB3C6557EE}"
EndProject
Global
	GlobalSection(SolutionConfigurationPlatforms) = preSolution
		Debug|Any CPU = Debug|Any CPU
		Release|Any CPU = Release|Any CPU
	EndGlobalSection
	GlobalSection(ProjectConfigurationPlatforms) = postSolution
		{0D850D33-8B94-4EBE-8176-C8EB3C6557EE}.Debug|Any CPU.ActiveCfg = Debug|Any CPU
		{0D850D33-8B94-4EBE-8176-C8EB3C6557EE}.Debug|Any CPU.Build.0 = Debug|Any CPU
		{0D850D33-8B94-4EBE-8176-C8EB3C6557EE}.Release|Any CPU.ActiveCfg = Release|Any CPU
		{0D850D33-8B94-4EBE-8176-C8EB3C6557EE}.Release|Any CPU.Build.0 = Release|Any CPU
	EndGlobalSection
	GlobalSection(SolutionProperties) = preSolution
		HideSolutionNode = FALSE
	EndGlobalSection
EndGlobal
