
Microsoft Visual Studio Solution File, Format Version 12.00
# Visual Studio 15
VisualStudioVersion = 15.0.28010.2046
MinimumVisualStudioVersion = 10.0.40219.1
Project("{FAE04EC0-301F-11D3-BF4B-00C04F79EFBC}") = "SwappBackend", "SwappBackend\SwappBackend.csproj", "{CF815349-9507-471F-BEEB-62185117CCA7}"
EndProject
Global
	GlobalSection(SolutionConfigurationPlatforms) = preSolution
		Debug|Any CPU = Debug|Any CPU
		Release|Any CPU = Release|Any CPU
	EndGlobalSection
	GlobalSection(ProjectConfigurationPlatforms) = postSolution
		{CF815349-9507-471F-BEEB-62185117CCA7}.Debug|Any CPU.ActiveCfg = Debug|Any CPU
		{CF815349-9507-471F-BEEB-62185117CCA7}.Debug|Any CPU.Build.0 = Debug|Any CPU
		{CF815349-9507-471F-BEEB-62185117CCA7}.Release|Any CPU.ActiveCfg = Release|Any CPU
		{CF815349-9507-471F-BEEB-62185117CCA7}.Release|Any CPU.Build.0 = Release|Any CPU
	EndGlobalSection
	GlobalSection(SolutionProperties) = preSolution
		HideSolutionNode = FALSE
	EndGlobalSection
	GlobalSection(ExtensibilityGlobals) = postSolution
		SolutionGuid = {A43AD776-5FED-445C-9609-C7377C9CADE8}
	EndGlobalSection
EndGlobal
