
Microsoft Visual Studio Solution File, Format Version 12.00
# Visual Studio 15
VisualStudioVersion = 15.0.28010.2046
MinimumVisualStudioVersion = 10.0.40219.1
Project("{FAE04EC0-301F-11D3-BF4B-00C04F79EFBC}") = "BigGraph", "BigGraph\BigGraph.csproj", "{70AC08CC-DA74-4F9D-A4B1-2BD5F98394DB}"
EndProject
Global
	GlobalSection(SolutionConfigurationPlatforms) = preSolution
		Debug|Any CPU = Debug|Any CPU
		Release|Any CPU = Release|Any CPU
	EndGlobalSection
	GlobalSection(ProjectConfigurationPlatforms) = postSolution
		{70AC08CC-DA74-4F9D-A4B1-2BD5F98394DB}.Debug|Any CPU.ActiveCfg = Debug|Any CPU
		{70AC08CC-DA74-4F9D-A4B1-2BD5F98394DB}.Debug|Any CPU.Build.0 = Debug|Any CPU
		{70AC08CC-DA74-4F9D-A4B1-2BD5F98394DB}.Release|Any CPU.ActiveCfg = Release|Any CPU
		{70AC08CC-DA74-4F9D-A4B1-2BD5F98394DB}.Release|Any CPU.Build.0 = Release|Any CPU
	EndGlobalSection
	GlobalSection(SolutionProperties) = preSolution
		HideSolutionNode = FALSE
	EndGlobalSection
	GlobalSection(ExtensibilityGlobals) = postSolution
		SolutionGuid = {A9637553-C6FB-4C78-BD9D-4628E021F1C9}
	EndGlobalSection
EndGlobal
