
Microsoft Visual Studio Solution File, Format Version 12.00
# Visual Studio 15
VisualStudioVersion = 15.0.28010.2046
MinimumVisualStudioVersion = 10.0.40219.1
Project("{FAE04EC0-301F-11D3-BF4B-00C04F79EFBC}") = "Tema2WPF", "Tema2WPF\Tema2WPF.csproj", "{B15D934E-9E9B-4BEE-BBF0-B7AD3353C075}"
EndProject
Global
	GlobalSection(SolutionConfigurationPlatforms) = preSolution
		Debug|Any CPU = Debug|Any CPU
		Release|Any CPU = Release|Any CPU
	EndGlobalSection
	GlobalSection(ProjectConfigurationPlatforms) = postSolution
		{B15D934E-9E9B-4BEE-BBF0-B7AD3353C075}.Debug|Any CPU.ActiveCfg = Debug|Any CPU
		{B15D934E-9E9B-4BEE-BBF0-B7AD3353C075}.Debug|Any CPU.Build.0 = Debug|Any CPU
		{B15D934E-9E9B-4BEE-BBF0-B7AD3353C075}.Release|Any CPU.ActiveCfg = Release|Any CPU
		{B15D934E-9E9B-4BEE-BBF0-B7AD3353C075}.Release|Any CPU.Build.0 = Release|Any CPU
	EndGlobalSection
	GlobalSection(SolutionProperties) = preSolution
		HideSolutionNode = FALSE
	EndGlobalSection
	GlobalSection(ExtensibilityGlobals) = postSolution
		SolutionGuid = {3029E5F5-2654-45DA-932A-F0FD469F2D64}
	EndGlobalSection
EndGlobal
