
Microsoft Visual Studio Solution File, Format Version 12.00
# Visual Studio 15
VisualStudioVersion = 15.0.28010.2046
MinimumVisualStudioVersion = 10.0.40219.1
Project("{FAE04EC0-301F-11D3-BF4B-00C04F79EFBC}") = "TADAG", "TADAG\TADAG.csproj", "{A69FA6C9-D0AD-459B-9953-C228D799B403}"
EndProject
Global
	GlobalSection(SolutionConfigurationPlatforms) = preSolution
		Debug|Any CPU = Debug|Any CPU
		Release|Any CPU = Release|Any CPU
	EndGlobalSection
	GlobalSection(ProjectConfigurationPlatforms) = postSolution
		{A69FA6C9-D0AD-459B-9953-C228D799B403}.Debug|Any CPU.ActiveCfg = Debug|Any CPU
		{A69FA6C9-D0AD-459B-9953-C228D799B403}.Debug|Any CPU.Build.0 = Debug|Any CPU
		{A69FA6C9-D0AD-459B-9953-C228D799B403}.Release|Any CPU.ActiveCfg = Release|Any CPU
		{A69FA6C9-D0AD-459B-9953-C228D799B403}.Release|Any CPU.Build.0 = Release|Any CPU
	EndGlobalSection
	GlobalSection(SolutionProperties) = preSolution
		HideSolutionNode = FALSE
	EndGlobalSection
	GlobalSection(ExtensibilityGlobals) = postSolution
		SolutionGuid = {E09BE8AC-53D6-4400-9CD4-11CB95D06FE7}
	EndGlobalSection
EndGlobal
