
Microsoft Visual Studio Solution File, Format Version 12.00
# Visual Studio 15
VisualStudioVersion = 15.0.28010.2046
MinimumVisualStudioVersion = 10.0.40219.1
Project("{FAE04EC0-301F-11D3-BF4B-00C04F79EFBC}") = "Tema5", "Tema5\Tema5.csproj", "{F6EF8926-4ECA-4B33-B8CA-AB6B64401C15}"
EndProject
Global
	GlobalSection(SolutionConfigurationPlatforms) = preSolution
		Debug|Any CPU = Debug|Any CPU
		Release|Any CPU = Release|Any CPU
	EndGlobalSection
	GlobalSection(ProjectConfigurationPlatforms) = postSolution
		{F6EF8926-4ECA-4B33-B8CA-AB6B64401C15}.Debug|Any CPU.ActiveCfg = Debug|Any CPU
		{F6EF8926-4ECA-4B33-B8CA-AB6B64401C15}.Debug|Any CPU.Build.0 = Debug|Any CPU
		{F6EF8926-4ECA-4B33-B8CA-AB6B64401C15}.Release|Any CPU.ActiveCfg = Release|Any CPU
		{F6EF8926-4ECA-4B33-B8CA-AB6B64401C15}.Release|Any CPU.Build.0 = Release|Any CPU
	EndGlobalSection
	GlobalSection(SolutionProperties) = preSolution
		HideSolutionNode = FALSE
	EndGlobalSection
	GlobalSection(ExtensibilityGlobals) = postSolution
		SolutionGuid = {9A08C3A7-61E0-4E9D-9751-1956B3E3D9D4}
	EndGlobalSection
EndGlobal
