
Microsoft Visual Studio Solution File, Format Version 12.00
# Visual Studio 15
VisualStudioVersion = 15.0.28010.2046
MinimumVisualStudioVersion = 10.0.40219.1
Project("{FAE04EC0-301F-11D3-BF4B-00C04F79EFBC}") = "BigGraphOld", "BigGraphOld\BigGraphOld.csproj", "{B7C0510A-8A6E-47DF-8E72-29CB92A1C3E3}"
EndProject
Global
	GlobalSection(SolutionConfigurationPlatforms) = preSolution
		Debug|Any CPU = Debug|Any CPU
		Release|Any CPU = Release|Any CPU
	EndGlobalSection
	GlobalSection(ProjectConfigurationPlatforms) = postSolution
		{B7C0510A-8A6E-47DF-8E72-29CB92A1C3E3}.Debug|Any CPU.ActiveCfg = Debug|Any CPU
		{B7C0510A-8A6E-47DF-8E72-29CB92A1C3E3}.Debug|Any CPU.Build.0 = Debug|Any CPU
		{B7C0510A-8A6E-47DF-8E72-29CB92A1C3E3}.Release|Any CPU.ActiveCfg = Release|Any CPU
		{B7C0510A-8A6E-47DF-8E72-29CB92A1C3E3}.Release|Any CPU.Build.0 = Release|Any CPU
	EndGlobalSection
	GlobalSection(SolutionProperties) = preSolution
		HideSolutionNode = FALSE
	EndGlobalSection
	GlobalSection(ExtensibilityGlobals) = postSolution
		SolutionGuid = {855A4E8F-343A-43EF-8FAC-4F8AF124DB36}
	EndGlobalSection
EndGlobal
