
Microsoft Visual Studio Solution File, Format Version 12.00
# Visual Studio 15
VisualStudioVersion = 15.0.28010.2046
MinimumVisualStudioVersion = 10.0.40219.1
Project("{FAE04EC0-301F-11D3-BF4B-00C04F79EFBC}") = "Tema4", "Tema4\Tema4.csproj", "{474ECDBA-ED08-471A-B756-9DB1635BA01A}"
EndProject
Global
	GlobalSection(SolutionConfigurationPlatforms) = preSolution
		Debug|Any CPU = Debug|Any CPU
		Release|Any CPU = Release|Any CPU
	EndGlobalSection
	GlobalSection(ProjectConfigurationPlatforms) = postSolution
		{474ECDBA-ED08-471A-B756-9DB1635BA01A}.Debug|Any CPU.ActiveCfg = Debug|Any CPU
		{474ECDBA-ED08-471A-B756-9DB1635BA01A}.Debug|Any CPU.Build.0 = Debug|Any CPU
		{474ECDBA-ED08-471A-B756-9DB1635BA01A}.Release|Any CPU.ActiveCfg = Release|Any CPU
		{474ECDBA-ED08-471A-B756-9DB1635BA01A}.Release|Any CPU.Build.0 = Release|Any CPU
	EndGlobalSection
	GlobalSection(SolutionProperties) = preSolution
		HideSolutionNode = FALSE
	EndGlobalSection
	GlobalSection(ExtensibilityGlobals) = postSolution
		SolutionGuid = {F8EBDC5E-64E8-4B7D-AC7C-ACA7D5CE7D98}
	EndGlobalSection
EndGlobal
