
Microsoft Visual Studio Solution File, Format Version 12.00
# Visual Studio 15
VisualStudioVersion = 15.0.28010.2046
MinimumVisualStudioVersion = 10.0.40219.1
Project("{FAE04EC0-301F-11D3-BF4B-00C04F79EFBC}") = "TransformariCerc", "TransformariCerc\TransformariCerc.csproj", "{DAE6491D-96C5-4D4C-8974-560A3E1C0458}"
EndProject
Global
	GlobalSection(SolutionConfigurationPlatforms) = preSolution
		Debug|Any CPU = Debug|Any CPU
		Release|Any CPU = Release|Any CPU
	EndGlobalSection
	GlobalSection(ProjectConfigurationPlatforms) = postSolution
		{DAE6491D-96C5-4D4C-8974-560A3E1C0458}.Debug|Any CPU.ActiveCfg = Debug|Any CPU
		{DAE6491D-96C5-4D4C-8974-560A3E1C0458}.Debug|Any CPU.Build.0 = Debug|Any CPU
		{DAE6491D-96C5-4D4C-8974-560A3E1C0458}.Release|Any CPU.ActiveCfg = Release|Any CPU
		{DAE6491D-96C5-4D4C-8974-560A3E1C0458}.Release|Any CPU.Build.0 = Release|Any CPU
	EndGlobalSection
	GlobalSection(SolutionProperties) = preSolution
		HideSolutionNode = FALSE
	EndGlobalSection
	GlobalSection(ExtensibilityGlobals) = postSolution
		SolutionGuid = {A2EE50EE-6DEF-4566-AA56-496A3C831031}
	EndGlobalSection
EndGlobal
