
Microsoft Visual Studio Solution File, Format Version 12.00
# Visual Studio 15
VisualStudioVersion = 15.0.28010.2046
MinimumVisualStudioVersion = 10.0.40219.1
Project("{FAE04EC0-301F-11D3-BF4B-00C04F79EFBC}") = "Gauss", "Gauss\Gauss.csproj", "{2FFE5C66-A6AC-4047-8F7E-B8C66931B7B7}"
EndProject
Global
	GlobalSection(SolutionConfigurationPlatforms) = preSolution
		Debug|Any CPU = Debug|Any CPU
		Release|Any CPU = Release|Any CPU
	EndGlobalSection
	GlobalSection(ProjectConfigurationPlatforms) = postSolution
		{2FFE5C66-A6AC-4047-8F7E-B8C66931B7B7}.Debug|Any CPU.ActiveCfg = Debug|Any CPU
		{2FFE5C66-A6AC-4047-8F7E-B8C66931B7B7}.Debug|Any CPU.Build.0 = Debug|Any CPU
		{2FFE5C66-A6AC-4047-8F7E-B8C66931B7B7}.Release|Any CPU.ActiveCfg = Release|Any CPU
		{2FFE5C66-A6AC-4047-8F7E-B8C66931B7B7}.Release|Any CPU.Build.0 = Release|Any CPU
	EndGlobalSection
	GlobalSection(SolutionProperties) = preSolution
		HideSolutionNode = FALSE
	EndGlobalSection
	GlobalSection(ExtensibilityGlobals) = postSolution
		SolutionGuid = {90632275-A657-4A34-9CD6-DAACC7DBD4A2}
	EndGlobalSection
EndGlobal
