
Microsoft Visual Studio Solution File, Format Version 12.00
# Visual Studio 15
VisualStudioVersion = 15.0.28010.2046
MinimumVisualStudioVersion = 10.0.40219.1
Project("{FAE04EC0-301F-11D3-BF4B-00C04F79EFBC}") = "MonteCarlo", "MonteCarlo\MonteCarlo.csproj", "{056E1251-2F8B-4FB2-830A-7319AA1F8DA1}"
EndProject
Global
	GlobalSection(SolutionConfigurationPlatforms) = preSolution
		Debug|Any CPU = Debug|Any CPU
		Release|Any CPU = Release|Any CPU
	EndGlobalSection
	GlobalSection(ProjectConfigurationPlatforms) = postSolution
		{056E1251-2F8B-4FB2-830A-7319AA1F8DA1}.Debug|Any CPU.ActiveCfg = Debug|Any CPU
		{056E1251-2F8B-4FB2-830A-7319AA1F8DA1}.Debug|Any CPU.Build.0 = Debug|Any CPU
		{056E1251-2F8B-4FB2-830A-7319AA1F8DA1}.Release|Any CPU.ActiveCfg = Release|Any CPU
		{056E1251-2F8B-4FB2-830A-7319AA1F8DA1}.Release|Any CPU.Build.0 = Release|Any CPU
	EndGlobalSection
	GlobalSection(SolutionProperties) = preSolution
		HideSolutionNode = FALSE
	EndGlobalSection
	GlobalSection(ExtensibilityGlobals) = postSolution
		SolutionGuid = {EDEB2654-57DD-4D4D-962A-0FC49D27C859}
	EndGlobalSection
EndGlobal
