
Microsoft Visual Studio Solution File, Format Version 12.00
# Visual Studio 15
VisualStudioVersion = 15.0.28010.2046
MinimumVisualStudioVersion = 10.0.40219.1
Project("{FAE04EC0-301F-11D3-BF4B-00C04F79EFBC}") = "CelMaiScurtDrum", "CelMaiScurtDrum\CelMaiScurtDrum.csproj", "{FFD75465-BF83-4F0E-853A-3F2B1CF4963D}"
EndProject
Global
	GlobalSection(SolutionConfigurationPlatforms) = preSolution
		Debug|Any CPU = Debug|Any CPU
		Release|Any CPU = Release|Any CPU
	EndGlobalSection
	GlobalSection(ProjectConfigurationPlatforms) = postSolution
		{FFD75465-BF83-4F0E-853A-3F2B1CF4963D}.Debug|Any CPU.ActiveCfg = Debug|Any CPU
		{FFD75465-BF83-4F0E-853A-3F2B1CF4963D}.Debug|Any CPU.Build.0 = Debug|Any CPU
		{FFD75465-BF83-4F0E-853A-3F2B1CF4963D}.Release|Any CPU.ActiveCfg = Release|Any CPU
		{FFD75465-BF83-4F0E-853A-3F2B1CF4963D}.Release|Any CPU.Build.0 = Release|Any CPU
	EndGlobalSection
	GlobalSection(SolutionProperties) = preSolution
		HideSolutionNode = FALSE
	EndGlobalSection
	GlobalSection(ExtensibilityGlobals) = postSolution
		SolutionGuid = {1CA65849-12D5-4E9C-8EFF-237A5C372DF5}
	EndGlobalSection
EndGlobal
